
Microsoft Visual Studio Solution File, Format Version 12.00
# Visual Studio Version 17
VisualStudioVersion = 17.0.31903.59
MinimumVisualStudioVersion = 10.0.40219.1
Project("{FAE04EC0-301F-11D3-BF4B-00C04F79EFBC}") = "onion.API", "onion.API\onion.API.csproj", "{DC211664-BE78-47A6-BD96-741212DA1A70}"
EndProject
Project("{FAE04EC0-301F-11D3-BF4B-00C04F79EFBC}") = "onion.Domain", "onion.Domain\onion.Domain.csproj", "{5641D0F5-1ADE-40CA-9CA5-C219D5DBBBA7}"
EndProject
Project("{2150E333-8FDC-42A3-9474-1A3956D46DE8}") = "onion.Infrastructure", "onion.Infrastructure", "{1DCAD782-F568-469A-BD4B-64C4AB13AAA4}"
EndProject
Project("{FAE04EC0-301F-11D3-BF4B-00C04F79EFBC}") = "onion.Infrastructure.Dapper", "onion.Infrastructure\onion.Infrastructure.Dapper\onion.Infrastructure.Dapper.csproj", "{4DC24878-4FBC-4DF9-8915-3D13A5266A68}"
EndProject
Project("{FAE04EC0-301F-11D3-BF4B-00C04F79EFBC}") = "onion.Infrastructure.EFCore", "onion.Infrastructure\onion.Infrastructure.EFCore\onion.Infrastructure.EFCore.csproj", "{9AED5850-0B9A-4A04-AF3D-08A30D6A541E}"
EndProject
Global
	GlobalSection(SolutionConfigurationPlatforms) = preSolution
		Debug|Any CPU = Debug|Any CPU
		Release|Any CPU = Release|Any CPU
	EndGlobalSection
	GlobalSection(SolutionProperties) = preSolution
		HideSolutionNode = FALSE
	EndGlobalSection
	GlobalSection(ProjectConfigurationPlatforms) = postSolution
		{DC211664-BE78-47A6-BD96-741212DA1A70}.Debug|Any CPU.ActiveCfg = Debug|Any CPU
		{DC211664-BE78-47A6-BD96-741212DA1A70}.Debug|Any CPU.Build.0 = Debug|Any CPU
		{DC211664-BE78-47A6-BD96-741212DA1A70}.Release|Any CPU.ActiveCfg = Release|Any CPU
		{DC211664-BE78-47A6-BD96-741212DA1A70}.Release|Any CPU.Build.0 = Release|Any CPU
		{5641D0F5-1ADE-40CA-9CA5-C219D5DBBBA7}.Debug|Any CPU.ActiveCfg = Debug|Any CPU
		{5641D0F5-1ADE-40CA-9CA5-C219D5DBBBA7}.Debug|Any CPU.Build.0 = Debug|Any CPU
		{5641D0F5-1ADE-40CA-9CA5-C219D5DBBBA7}.Release|Any CPU.ActiveCfg = Release|Any CPU
		{5641D0F5-1ADE-40CA-9CA5-C219D5DBBBA7}.Release|Any CPU.Build.0 = Release|Any CPU
		{4DC24878-4FBC-4DF9-8915-3D13A5266A68}.Debug|Any CPU.ActiveCfg = Debug|Any CPU
		{4DC24878-4FBC-4DF9-8915-3D13A5266A68}.Debug|Any CPU.Build.0 = Debug|Any CPU
		{4DC24878-4FBC-4DF9-8915-3D13A5266A68}.Release|Any CPU.ActiveCfg = Release|Any CPU
		{4DC24878-4FBC-4DF9-8915-3D13A5266A68}.Release|Any CPU.Build.0 = Release|Any CPU
		{9AED5850-0B9A-4A04-AF3D-08A30D6A541E}.Debug|Any CPU.ActiveCfg = Debug|Any CPU
		{9AED5850-0B9A-4A04-AF3D-08A30D6A541E}.Debug|Any CPU.Build.0 = Debug|Any CPU
		{9AED5850-0B9A-4A04-AF3D-08A30D6A541E}.Release|Any CPU.ActiveCfg = Release|Any CPU
		{9AED5850-0B9A-4A04-AF3D-08A30D6A541E}.Release|Any CPU.Build.0 = Release|Any CPU
	EndGlobalSection
	GlobalSection(NestedProjects) = preSolution
		{4DC24878-4FBC-4DF9-8915-3D13A5266A68} = {1DCAD782-F568-469A-BD4B-64C4AB13AAA4}
		{9AED5850-0B9A-4A04-AF3D-08A30D6A541E} = {1DCAD782-F568-469A-BD4B-64C4AB13AAA4}
	EndGlobalSection
EndGlobal
